
Microsoft Visual Studio Solution File, Format Version 12.00
# Visual Studio 15
VisualStudioVersion = 15.0.28010.2046
MinimumVisualStudioVersion = 10.0.40219.1
Project("{8BC9CEB8-8B4A-11D0-8D11-00A0C91BC942}") = "tsr", "tsr\tsr.vcxproj", "{B7FB0EAF-DF74-45B7-B234-53D260742BBB}"
EndProject
Project("{8BC9CEB8-8B4A-11D0-8D11-00A0C91BC942}") = "main", "main\main.vcxproj", "{4F6BDF77-C52A-4CD6-B4CF-9A7D118484AC}"
	ProjectSection(ProjectDependencies) = postProject
		{B7FB0EAF-DF74-45B7-B234-53D260742BBB} = {B7FB0EAF-DF74-45B7-B234-53D260742BBB}
	EndProjectSection
EndProject
Project("{8BC9CEB8-8B4A-11D0-8D11-00A0C91BC942}") = "cvter", "cvter\cvter.vcxproj", "{1A77C5EC-E6C8-4C34-9277-2C1025111356}"
	ProjectSection(ProjectDependencies) = postProject
		{B7FB0EAF-DF74-45B7-B234-53D260742BBB} = {B7FB0EAF-DF74-45B7-B234-53D260742BBB}
	EndProjectSection
EndProject
Global
	GlobalSection(SolutionConfigurationPlatforms) = preSolution
		Debug|x64 = Debug|x64
		Debug|x86 = Debug|x86
		Release|x64 = Release|x64
		Release|x86 = Release|x86
	EndGlobalSection
	GlobalSection(ProjectConfigurationPlatforms) = postSolution
		{B7FB0EAF-DF74-45B7-B234-53D260742BBB}.Debug|x64.ActiveCfg = Debug|x64
		{B7FB0EAF-DF74-45B7-B234-53D260742BBB}.Debug|x64.Build.0 = Debug|x64
		{B7FB0EAF-DF74-45B7-B234-53D260742BBB}.Debug|x86.ActiveCfg = Debug|Win32
		{B7FB0EAF-DF74-45B7-B234-53D260742BBB}.Debug|x86.Build.0 = Debug|Win32
		{B7FB0EAF-DF74-45B7-B234-53D260742BBB}.Release|x64.ActiveCfg = Release|x64
		{B7FB0EAF-DF74-45B7-B234-53D260742BBB}.Release|x64.Build.0 = Release|x64
		{B7FB0EAF-DF74-45B7-B234-53D260742BBB}.Release|x86.ActiveCfg = Release|Win32
		{B7FB0EAF-DF74-45B7-B234-53D260742BBB}.Release|x86.Build.0 = Release|Win32
		{4F6BDF77-C52A-4CD6-B4CF-9A7D118484AC}.Debug|x64.ActiveCfg = Debug|x64
		{4F6BDF77-C52A-4CD6-B4CF-9A7D118484AC}.Debug|x64.Build.0 = Debug|x64
		{4F6BDF77-C52A-4CD6-B4CF-9A7D118484AC}.Debug|x86.ActiveCfg = Debug|Win32
		{4F6BDF77-C52A-4CD6-B4CF-9A7D118484AC}.Debug|x86.Build.0 = Debug|Win32
		{4F6BDF77-C52A-4CD6-B4CF-9A7D118484AC}.Release|x64.ActiveCfg = Release|x64
		{4F6BDF77-C52A-4CD6-B4CF-9A7D118484AC}.Release|x64.Build.0 = Release|x64
		{4F6BDF77-C52A-4CD6-B4CF-9A7D118484AC}.Release|x86.ActiveCfg = Release|Win32
		{4F6BDF77-C52A-4CD6-B4CF-9A7D118484AC}.Release|x86.Build.0 = Release|Win32
		{1A77C5EC-E6C8-4C34-9277-2C1025111356}.Debug|x64.ActiveCfg = Debug|x64
		{1A77C5EC-E6C8-4C34-9277-2C1025111356}.Debug|x64.Build.0 = Debug|x64
		{1A77C5EC-E6C8-4C34-9277-2C1025111356}.Debug|x86.ActiveCfg = Debug|Win32
		{1A77C5EC-E6C8-4C34-9277-2C1025111356}.Debug|x86.Build.0 = Debug|Win32
		{1A77C5EC-E6C8-4C34-9277-2C1025111356}.Release|x64.ActiveCfg = Release|x64
		{1A77C5EC-E6C8-4C34-9277-2C1025111356}.Release|x64.Build.0 = Release|x64
		{1A77C5EC-E6C8-4C34-9277-2C1025111356}.Release|x86.ActiveCfg = Release|Win32
		{1A77C5EC-E6C8-4C34-9277-2C1025111356}.Release|x86.Build.0 = Release|Win32
	EndGlobalSection
	GlobalSection(SolutionProperties) = preSolution
		HideSolutionNode = FALSE
	EndGlobalSection
	GlobalSection(ExtensibilityGlobals) = postSolution
		SolutionGuid = {0F341FC9-C3A2-4661-BA97-B7F9BC6BFF57}
	EndGlobalSection
EndGlobal
